<?xml version="1.0" encoding="utf-8"?>
<Project ToolsVersion="4.0" xmlns:atg="http://atg.xbox.com" xmlns="http://schemas.microsoft.com/developer/msbuild/2003">
  <ItemGroup>
    <Filter Include="Assets">
      <UniqueIdentifier>{ed0b04a6-fecd-4a2c-a462-59a8f4639f36}</UniqueIdentifier>
    </Filter>
    <Filter Include="Resource Files">
      <UniqueIdentifier>{8e114980-c1a3-4ada-ad7c-83caadf5daeb}</UniqueIdentifier>
      <Extensions>rc;ico;cur;bmp;dlg;rc2;rct;bin;rgs;gif;jpg;jpeg;jpe</Extensions>
    </Filter>
    <Filter Include="Assets\modelData">
      <UniqueIdentifier>{06086914-6aa4-4cad-9b07-6f9d357f04df}</UniqueIdentifier>
    </Filter>
    <Filter Include="Assets\sprite">
      <UniqueIdentifier>{a6ce300a-b532-440d-b914-b4661d3015ad}</UniqueIdentifier>
    </Filter>
    <Filter Include="Effect">
      <UniqueIdentifier>{c8f8b055-304d-460c-8aff-391c178d42d3}</UniqueIdentifier>
    </Filter>
    <Filter Include="Enemy">
      <UniqueIdentifier>{9b24f448-75e7-4944-95f3-6036be7e47f5}</UniqueIdentifier>
    </Filter>
    <Filter Include="STAGE_SELECT">
      <UniqueIdentifier>{c2b7c0b2-2c12-4639-8b18-df8ad1a93b6a}</UniqueIdentifier>
    </Filter>
    <Filter Include="Assets\sprite\Title">
      <UniqueIdentifier>{dd4507fd-4dc7-425b-ada8-b9f7043fad85}</UniqueIdentifier>
    </Filter>
    <Filter Include="Bullet">
      <UniqueIdentifier>{73fe943f-c8e2-46f0-8d55-1b37a76f1805}</UniqueIdentifier>
    </Filter>
    <Filter Include="Train">
      <UniqueIdentifier>{5c18d09b-2963-40c3-9522-7d7cec9edcb3}</UniqueIdentifier>
    </Filter>
    <Filter Include="GameStart">
      <UniqueIdentifier>{8618bb11-824c-4d29-a9df-b804562ecaab}</UniqueIdentifier>
    </Filter>
  </ItemGroup>
  <ItemGroup>
    <ClCompile Include="main.cpp" />
    <ClCompile Include="stdafx.cpp" />
    <ClCompile Include="Game.cpp" />
    <ClCompile Include="Player.cpp" />
    <ClCompile Include="GameCamera.cpp" />
    <ClCompile Include="Player_Status.cpp" />
    <ClCompile Include="StarItem.cpp" />
    <ClCompile Include="GameData.cpp">
      <Filter>Resource Files</Filter>
    </ClCompile>
    <ClCompile Include="EffectManager.cpp">
      <Filter>Effect</Filter>
    </ClCompile>
    <ClCompile Include="EffectPlay.cpp">
      <Filter>Effect</Filter>
    </ClCompile>
    <ClCompile Include="BackGround.cpp" />
    <ClCompile Include="Neoriku.cpp">
      <Filter>Enemy</Filter>
    </ClCompile>
    <ClCompile Include="Bunbogu.cpp">
      <Filter>Enemy</Filter>
    </ClCompile>
    <ClCompile Include="NakamaLight.cpp" />
    <ClCompile Include="GameResult.cpp" />
    <ClCompile Include="shisokus.cpp">
      <Filter>Enemy</Filter>
    </ClCompile>
    <ClCompile Include="LevelSet.cpp" />
    <ClCompile Include="WaveManager.cpp" />
    <ClCompile Include="WaveEffect.cpp">
      <Filter>Effect</Filter>
    </ClCompile>
    <ClCompile Include="Radar.cpp" />
    <ClCompile Include="BossHPGage.cpp" />
    <ClCompile Include="Neruk.cpp">
      <Filter>Enemy</Filter>
    </ClCompile>
    <ClCompile Include="NerukGenerator.cpp" />
    <ClCompile Include="StageSelect.cpp">
      <Filter>STAGE_SELECT</Filter>
    </ClCompile>
    <ClCompile Include="UICamera.cpp" />
    <ClCompile Include="soukabuto.cpp">
      <Filter>Enemy</Filter>
    </ClCompile>
    <ClCompile Include="SaveData.cpp">
      <Filter>Resource Files</Filter>
    </ClCompile>
    <ClCompile Include="StageWait.cpp">
      <Filter>Effect</Filter>
    </ClCompile>
    <ClCompile Include="TransitionMaker.cpp">
      <Filter>Effect</Filter>
    </ClCompile>
    <ClCompile Include="GameOver.cpp" />
    <ClCompile Include="PlayerUpgrade.cpp">
      <Filter>STAGE_SELECT</Filter>
    </ClCompile>
    <ClCompile Include="Zukan.cpp">
      <Filter>STAGE_SELECT</Filter>
    </ClCompile>
    <ClCompile Include="Nerubikkuri.cpp" />
    <ClCompile Include="Arukasya.cpp">
      <Filter>Enemy</Filter>
    </ClCompile>
    <ClCompile Include="Ekku.cpp">
      <Filter>Enemy</Filter>
    </ClCompile>
    <ClCompile Include="Fairo.cpp">
      <Filter>Enemy</Filter>
    </ClCompile>
    <ClCompile Include="Morikon.cpp">
      <Filter>Enemy</Filter>
    </ClCompile>
    <ClCompile Include="Pairodorago.cpp">
      <Filter>Enemy</Filter>
    </ClCompile>
    <ClCompile Include="Pi_rabi.cpp">
      <Filter>Enemy</Filter>
    </ClCompile>
    <ClCompile Include="Riritto.cpp">
      <Filter>Enemy</Filter>
    </ClCompile>
    <ClCompile Include="SS_001.cpp">
      <Filter>Enemy</Filter>
    </ClCompile>
    <ClCompile Include="GamePause.cpp" />
    <ClCompile Include="Uminoushi.cpp">
      <Filter>Enemy</Filter>
    </ClCompile>
    <ClCompile Include="Bullet.cpp">
      <Filter>Bullet</Filter>
    </ClCompile>
    <ClCompile Include="Bullet2.cpp">
      <Filter>Bullet</Filter>
    </ClCompile>
    <ClCompile Include="Bullet3.cpp">
      <Filter>Bullet</Filter>
    </ClCompile>
    <ClCompile Include="Akoyadokari.cpp">
      <Filter>Enemy</Filter>
    </ClCompile>
    <ClCompile Include="Morinchu.cpp">
      <Filter>Enemy</Filter>
    </ClCompile>
    <ClCompile Include="Benite.cpp">
      <Filter>Enemy</Filter>
    </ClCompile>
    <ClCompile Include="Misairu.cpp">
      <Filter>Bullet</Filter>
    </ClCompile>
    <ClCompile Include="Kikochu.cpp">
      <Filter>Enemy</Filter>
    </ClCompile>
    <ClCompile Include="Nibo.cpp">
      <Filter>Enemy</Filter>
    </ClCompile>
    <ClCompile Include="AppleBomb.cpp">
      <Filter>Bullet</Filter>
    </ClCompile>
    <ClCompile Include="Kirabi.cpp">
      <Filter>Enemy</Filter>
    </ClCompile>
    <ClCompile Include="Suteira.cpp">
      <Filter>Enemy</Filter>
    </ClCompile>
    <ClCompile Include="Idando.cpp">
      <Filter>Enemy</Filter>
    </ClCompile>
    <ClCompile Include="Kodan.cpp">
      <Filter>Enemy</Filter>
    </ClCompile>
    <ClCompile Include="Taidol.cpp">
      <Filter>Enemy</Filter>
    </ClCompile>
    <ClCompile Include="Suroku.cpp">
      <Filter>Enemy</Filter>
    </ClCompile>
    <ClCompile Include="Bullet4.cpp">
      <Filter>Bullet</Filter>
    </ClCompile>
    <ClCompile Include="Mimitto.cpp">
      <Filter>Enemy</Filter>
    </ClCompile>
    <ClCompile Include="StageGimmick.cpp" />
    <ClCompile Include="Train1.cpp">
      <Filter>Train</Filter>
    </ClCompile>
    <ClCompile Include="Train2.cpp">
      <Filter>Train</Filter>
    </ClCompile>
    <ClCompile Include="OP.cpp">
      <Filter>GameStart</Filter>
    </ClCompile>
    <ClCompile Include="Tutorial.cpp">
      <Filter>GameStart</Filter>
    </ClCompile>
    <ClCompile Include="TutorialWait.cpp">
      <Filter>GameStart</Filter>
    </ClCompile>
    <ClCompile Include="Sekuteimu.cpp">
      <Filter>Enemy</Filter>
    </ClCompile>
    <ClCompile Include="RockGenerator.cpp">
      <Filter>STAGE_SELECT</Filter>
    </ClCompile>
    <ClCompile Include="Rock.cpp">
      <Filter>STAGE_SELECT</Filter>
    </ClCompile>
    <ClCompile Include="Tizutyo.cpp">
      <Filter>Enemy</Filter>
    </ClCompile>
    <ClCompile Include="Bullet5.cpp">
      <Filter>Bullet</Filter>
    </ClCompile>
    <ClCompile Include="Kuubo.cpp">
      <Filter>Enemy</Filter>
    </ClCompile>
    <ClCompile Include="Teruosuka.cpp">
      <Filter>Enemy</Filter>
    </ClCompile>
    <ClCompile Include="Toripipi.cpp">
      <Filter>Enemy</Filter>
    </ClCompile>
    <ClCompile Include="Atsukaru.cpp">
      <Filter>Enemy</Filter>
    </ClCompile>
    <ClCompile Include="Metoporisu.cpp">
      <Filter>Enemy</Filter>
    </ClCompile>
    <ClCompile Include="Bullet6.cpp">
      <Filter>Bullet</Filter>
    </ClCompile>
    <ClCompile Include="GameSupport.cpp" />
    <ClCompile Include="Title.cpp">
      <Filter>GameStart</Filter>
    </ClCompile>
    <ClCompile Include="TitleStandby.cpp">
      <Filter>GameStart</Filter>
    </ClCompile>
    <ClCompile Include="ED.cpp">
      <Filter>GameStart</Filter>
    </ClCompile>
    <ClCompile Include="StarComet.cpp" />
    <ClCompile Include="StarComet_Inseki.cpp" />
  </ItemGroup>
  <ItemGroup>
    <CLInclude Include="resource.h">
      <Filter>Resource Files</Filter>
    </CLInclude>
    <ClInclude Include="stdafx.h" />
    <ClInclude Include="Game.h" />
    <ClInclude Include="Player.h" />
    <ClInclude Include="GameCamera.h" />
    <ClInclude Include="GameData.h">
      <Filter>Resource Files</Filter>
    </ClInclude>
    <ClInclude Include="Player_Status.h" />
    <ClInclude Include="StarItem.h" />
    <ClInclude Include="EffectManager.h">
      <Filter>Effect</Filter>
    </ClInclude>
    <ClInclude Include="EffectPlay.h">
      <Filter>Effect</Filter>
    </ClInclude>
    <ClInclude Include="BackGround.h" />
    <ClInclude Include="Neoriku.h">
      <Filter>Enemy</Filter>
    </ClInclude>
    <ClInclude Include="Bunbogu.h">
      <Filter>Enemy</Filter>
    </ClInclude>
    <ClInclude Include="NakamaLight.h" />
    <ClInclude Include="GameResult.h" />
    <ClInclude Include="shisokus.h">
      <Filter>Enemy</Filter>
    </ClInclude>
    <ClInclude Include="LevelSet.h" />
    <ClInclude Include="LevelData.h">
      <Filter>Resource Files</Filter>
    </ClInclude>
    <ClInclude Include="WaveManager.h" />
    <ClInclude Include="DataBase.h">
      <Filter>Resource Files</Filter>
    </ClInclude>
    <ClInclude Include="WaveEffect.h">
      <Filter>Effect</Filter>
    </ClInclude>
    <ClInclude Include="Radar.h" />
    <ClInclude Include="BossHPGage.h" />
    <ClInclude Include="Neruk.h">
      <Filter>Enemy</Filter>
    </ClInclude>
    <ClInclude Include="NerukGenerator.h" />
    <ClInclude Include="StageSelect.h">
      <Filter>STAGE_SELECT</Filter>
    </ClInclude>
    <ClInclude Include="UICamera.h" />
    <ClInclude Include="soukabuto.h">
      <Filter>Enemy</Filter>
    </ClInclude>
    <ClInclude Include="SaveData.h">
      <Filter>Resource Files</Filter>
    </ClInclude>
    <ClInclude Include="StageWait.h">
      <Filter>Effect</Filter>
    </ClInclude>
    <ClInclude Include="TransitionMaker.h">
      <Filter>Effect</Filter>
    </ClInclude>
    <ClInclude Include="GameOver.h" />
    <ClInclude Include="PlayerUpgrade.h">
      <Filter>STAGE_SELECT</Filter>
    </ClInclude>
    <ClInclude Include="Zukan.h">
      <Filter>STAGE_SELECT</Filter>
    </ClInclude>
    <ClInclude Include="ZukanData.h">
      <Filter>Resource Files</Filter>
    </ClInclude>
    <ClInclude Include="Nerubikkuri.h" />
    <ClInclude Include="SS_001.h">
      <Filter>Enemy</Filter>
    </ClInclude>
    <ClInclude Include="Arukasya.h">
      <Filter>Enemy</Filter>
    </ClInclude>
    <ClInclude Include="Ekku.h">
      <Filter>Enemy</Filter>
    </ClInclude>
    <ClInclude Include="Fairo.h">
      <Filter>Enemy</Filter>
    </ClInclude>
    <ClInclude Include="Morikon.h">
      <Filter>Enemy</Filter>
    </ClInclude>
    <ClInclude Include="Pairodorago.h">
      <Filter>Enemy</Filter>
    </ClInclude>
    <ClInclude Include="Pi_rabi.h">
      <Filter>Enemy</Filter>
    </ClInclude>
    <ClInclude Include="Riritto.h">
      <Filter>Enemy</Filter>
    </ClInclude>
    <ClInclude Include="GamePause.h" />
    <ClInclude Include="Uminoushi.h">
      <Filter>Enemy</Filter>
    </ClInclude>
    <ClInclude Include="Bullet.h">
      <Filter>Bullet</Filter>
    </ClInclude>
    <ClInclude Include="Bullet2.h">
      <Filter>Bullet</Filter>
    </ClInclude>
    <ClInclude Include="Bullet3.h">
      <Filter>Bullet</Filter>
    </ClInclude>
    <ClInclude Include="Akoyadokari.h">
      <Filter>Enemy</Filter>
    </ClInclude>
    <ClInclude Include="Morinchu.h">
      <Filter>Enemy</Filter>
    </ClInclude>
    <ClInclude Include="Benite.h">
      <Filter>Enemy</Filter>
    </ClInclude>
    <ClInclude Include="Misairu.h">
      <Filter>Bullet</Filter>
    </ClInclude>
    <ClInclude Include="Kikochu.h">
      <Filter>Enemy</Filter>
    </ClInclude>
    <ClInclude Include="Nibo.h">
      <Filter>Enemy</Filter>
    </ClInclude>
    <ClInclude Include="AppleBomb.h">
      <Filter>Bullet</Filter>
    </ClInclude>
    <ClInclude Include="Kirabi.h">
      <Filter>Enemy</Filter>
    </ClInclude>
    <ClInclude Include="Suteira.h">
      <Filter>Enemy</Filter>
    </ClInclude>
    <ClInclude Include="Idando.h">
      <Filter>Enemy</Filter>
    </ClInclude>
    <ClInclude Include="Kodan.h">
      <Filter>Enemy</Filter>
    </ClInclude>
    <ClInclude Include="Taidol.h">
      <Filter>Enemy</Filter>
    </ClInclude>
    <ClInclude Include="Suroku.h">
      <Filter>Enemy</Filter>
    </ClInclude>
    <ClInclude Include="Bullet4.h">
      <Filter>Bullet</Filter>
    </ClInclude>
    <ClInclude Include="Mimitto.h">
      <Filter>Enemy</Filter>
    </ClInclude>
    <ClInclude Include="StageGimmick.h" />
    <ClInclude Include="Train1.h">
      <Filter>Train</Filter>
    </ClInclude>
    <ClInclude Include="Train2.h">
      <Filter>Train</Filter>
    </ClInclude>
    <ClInclude Include="OP.h">
      <Filter>GameStart</Filter>
    </ClInclude>
    <ClInclude Include="Tutorial.h">
      <Filter>GameStart</Filter>
    </ClInclude>
    <ClInclude Include="Sekuteimu.h">
      <Filter>Enemy</Filter>
    </ClInclude>
    <ClInclude Include="TutorialWait.h">
      <Filter>GameStart</Filter>
    </ClInclude>
    <ClInclude Include="RockGenerator.h">
      <Filter>STAGE_SELECT</Filter>
    </ClInclude>
    <ClInclude Include="Rock.h">
      <Filter>STAGE_SELECT</Filter>
    </ClInclude>
    <ClInclude Include="Tizutyo.h">
      <Filter>Enemy</Filter>
    </ClInclude>
    <ClInclude Include="Bullet5.h">
      <Filter>Bullet</Filter>
    </ClInclude>
    <ClInclude Include="Kuubo.h">
      <Filter>Enemy</Filter>
    </ClInclude>
    <ClInclude Include="Teruosuka.h">
      <Filter>Enemy</Filter>
    </ClInclude>
    <ClInclude Include="Toripipi.h">
      <Filter>Enemy</Filter>
    </ClInclude>
    <ClInclude Include="Atsukaru.h">
      <Filter>Enemy</Filter>
    </ClInclude>
    <ClInclude Include="Metoporisu.h">
      <Filter>Enemy</Filter>
    </ClInclude>
    <ClInclude Include="Bullet6.h">
      <Filter>Bullet</Filter>
    </ClInclude>
    <ClInclude Include="GameSupport.h" />
    <ClInclude Include="Title.h">
      <Filter>GameStart</Filter>
    </ClInclude>
    <ClInclude Include="TitleStandby.h">
      <Filter>GameStart</Filter>
    </ClInclude>
    <ClInclude Include="ED.h">
      <Filter>GameStart</Filter>
    </ClInclude>
    <ClInclude Include="SkillData.h">
      <Filter>Resource Files</Filter>
    </ClInclude>
    <ClInclude Include="StarComet.h" />
    <ClInclude Include="StarComet_Inseki.h" />
  </ItemGroup>
  <ItemGroup>
    <ResourceCompile Include="Game.rc">
      <Filter>Resource Files</Filter>
    </ResourceCompile>
  </ItemGroup>
  <ItemGroup>
    <MeshContentTask Include="Assets\modelData\unityChan.fbx">
      <Filter>Assets\modelData</Filter>
    </MeshContentTask>
    <MeshContentTask Include="Assets\modelData\bug.FBX">
      <Filter>Assets\modelData</Filter>
    </MeshContentTask>
    <MeshContentTask Include="Assets\modelData\bunbo-gu0.FBX">
      <Filter>Assets\modelData</Filter>
    </MeshContentTask>
    <MeshContentTask Include="Assets\modelData\item.FBX">
      <Filter>Assets\modelData</Filter>
    </MeshContentTask>
    <MeshContentTask Include="Assets\modelData\stage1.FBX">
      <Filter>Assets\modelData</Filter>
    </MeshContentTask>
    <MeshContentTask Include="Assets\modelData\neoriku_0.FBX">
      <Filter>Assets\modelData</Filter>
    </MeshContentTask>
    <MeshContentTask Include="Assets\modelData\bullet.FBX">
      <Filter>Assets\modelData</Filter>
    </MeshContentTask>
    <MeshContentTask Include="Assets\modelData\shisokus.FBX">
      <Filter>Assets\modelData</Filter>
    </MeshContentTask>
    <MeshContentTask Include="Assets\modelData\Neruk.FBX">
      <Filter>Assets\modelData</Filter>
    </MeshContentTask>
    <MeshContentTask Include="Assets\modelData\stage2.FBX">
      <Filter>Assets\modelData</Filter>
    </MeshContentTask>
    <MeshContentTask Include="Assets\modelData\StageMini1.FBX">
      <Filter>Assets\modelData</Filter>
    </MeshContentTask>
    <MeshContentTask Include="Assets\modelData\StageMini2.FBX">
      <Filter>Assets\modelData</Filter>
    </MeshContentTask>
    <MeshContentTask Include="Assets\modelData\soukabuto_0.FBX">
      <Filter>Assets\modelData</Filter>
    </MeshContentTask>
    <MeshContentTask Include="Assets\modelData\StageSelect_Back.FBX">
      <Filter>Assets\modelData</Filter>
    </MeshContentTask>
    <MeshContentTask Include="Assets\modelData\Zukan_Back.FBX">
      <Filter>Assets\modelData</Filter>
    </MeshContentTask>
    <MeshContentTask Include="Assets\modelData\hatena.FBX">
      <Filter>Assets\modelData</Filter>
    </MeshContentTask>
    <MeshContentTask Include="Assets\modelData\StageMini3.FBX">
      <Filter>Assets\modelData</Filter>
    </MeshContentTask>
    <MeshContentTask Include="Assets\modelData\stage3.FBX">
      <Filter>Assets\modelData</Filter>
    </MeshContentTask>
    <MeshContentTask Include="Assets\modelData\Ekku.fbx">
      <Filter>Assets\modelData</Filter>
    </MeshContentTask>
    <MeshContentTask Include="Assets\modelData\Riritto.fbx">
      <Filter>Assets\modelData</Filter>
    </MeshContentTask>
    <MeshContentTask Include="Assets\modelData\SS_001.fbx">
      <Filter>Assets\modelData</Filter>
    </MeshContentTask>
    <MeshContentTask Include="Assets\modelData\Arukasya.fbx">
      <Filter>Assets\modelData</Filter>
    </MeshContentTask>
    <MeshContentTask Include="Assets\modelData\Bat_Level_1.fbx">
      <Filter>Assets\modelData</Filter>
    </MeshContentTask>
    <MeshContentTask Include="Assets\modelData\Fairo.fbx">
      <Filter>Assets\modelData</Filter>
    </MeshContentTask>
    <MeshContentTask Include="Assets\modelData\Rabbit_Level_1.fbx">
      <Filter>Assets\modelData</Filter>
    </MeshContentTask>
    <MeshContentTask Include="Assets\modelData\DragonTerrorBringerMesh.fbx">
      <Filter>Assets\modelData</Filter>
    </MeshContentTask>
    <MeshContentTask Include="Assets\modelData\misairu.fbx">
      <Filter>Assets\modelData</Filter>
    </MeshContentTask>
    <MeshContentTask Include="Assets\modelData\umino.fbx">
      <Filter>Assets\modelData</Filter>
    </MeshContentTask>
    <MeshContentTask Include="Assets\modelData\Akoyadokari.fbx">
      <Filter>Assets\modelData</Filter>
    </MeshContentTask>
    <MeshContentTask Include="Assets\modelData\StageMini4.FBX">
      <Filter>Assets\modelData</Filter>
    </MeshContentTask>
    <MeshContentTask Include="Assets\modelData\kyozin.FBX">
      <Filter>Assets\modelData</Filter>
    </MeshContentTask>
    <MeshContentTask Include="Assets\modelData\forest.fbx">
      <Filter>Assets\modelData</Filter>
    </MeshContentTask>
    <MeshContentTask Include="Assets\modelData\Benite.fbx">
      <Filter>Assets\modelData</Filter>
    </MeshContentTask>
    <MeshContentTask Include="Assets\modelData\Nibo.fbx">
      <Filter>Assets\modelData</Filter>
    </MeshContentTask>
    <MeshContentTask Include="Assets\modelData\Sekuteia.fbx">
      <Filter>Assets\modelData</Filter>
    </MeshContentTask>
    <MeshContentTask Include="Assets\modelData\Tutorial.fbx">
      <Filter>Assets\modelData</Filter>
    </MeshContentTask>
    <MeshContentTask Include="Assets\modelData\Kikochu.fbx">
      <Filter>Assets\modelData</Filter>
    </MeshContentTask>
    <MeshContentTask Include="Assets\modelData\Apple.FBX">
      <Filter>Assets\modelData</Filter>
    </MeshContentTask>
    <MeshContentTask Include="Assets\modelData\Suteira.fbx">
      <Filter>Assets\modelData</Filter>
    </MeshContentTask>
    <MeshContentTask Include="Assets\modelData\Kirabin.fbx">
      <Filter>Assets\modelData</Filter>
    </MeshContentTask>
    <MeshContentTask Include="Assets\modelData\Idando.fbx">
      <Filter>Assets\modelData</Filter>
    </MeshContentTask>
    <MeshContentTask Include="Assets\modelData\Kodan.fbx">
      <Filter>Assets\modelData</Filter>
    </MeshContentTask>
    <MeshContentTask Include="Assets\modelData\Taidol.fbx">
      <Filter>Assets\modelData</Filter>
    </MeshContentTask>
    <MeshContentTask Include="Assets\modelData\Suroku.fbx">
      <Filter>Assets\modelData</Filter>
    </MeshContentTask>
    <MeshContentTask Include="Assets\modelData\Mimitto.fbx">
      <Filter>Assets\modelData</Filter>
    </MeshContentTask>
    <MeshContentTask Include="Assets\modelData\Metolo.FBX">
      <Filter>Assets\modelData</Filter>
    </MeshContentTask>
    <MeshContentTask Include="Assets\modelData\Train_1.fbx">
      <Filter>Assets\modelData</Filter>
    </MeshContentTask>
    <MeshContentTask Include="Assets\modelData\Train_2.fbx">
      <Filter>Assets\modelData</Filter>
    </MeshContentTask>
    <MeshContentTask Include="Assets\modelData\StageMini5.FBX">
      <Filter>Assets\modelData</Filter>
    </MeshContentTask>
    <MeshContentTask Include="Assets\modelData\Rock1.fbx">
      <Filter>Assets\modelData</Filter>
    </MeshContentTask>
    <MeshContentTask Include="Assets\modelData\Rock2.fbx">
      <Filter>Assets\modelData</Filter>
    </MeshContentTask>
    <MeshContentTask Include="Assets\modelData\Tizutyo.fbx">
      <Filter>Assets\modelData</Filter>
    </MeshContentTask>
    <MeshContentTask Include="Assets\modelData\Kuubo.fbx">
      <Filter>Assets\modelData</Filter>
    </MeshContentTask>
    <MeshContentTask Include="Assets\modelData\Teruosuka.fbx">
      <Filter>Assets\modelData</Filter>
    </MeshContentTask>
    <MeshContentTask Include="Assets\modelData\Metoporisu.fbx">
      <Filter>Assets\modelData</Filter>
    </MeshContentTask>
    <MeshContentTask Include="Assets\modelData\Atsukaru.fbx">
      <Filter>Assets\modelData</Filter>
    </MeshContentTask>
    <MeshContentTask Include="Assets\modelData\toripp.FBX">
      <Filter>Assets\modelData</Filter>
    </MeshContentTask>
    <MeshContentTask Include="Assets\modelData\pointa.FBX">
      <Filter>Assets\modelData</Filter>
    </MeshContentTask>
  </ItemGroup>
  <ItemGroup>
    <ImageContentTask Include="Assets\sprite\dummy.png">
      <Filter>Assets\sprite</Filter>
    </ImageContentTask>
    <ImageContentTask Include="Assets\sprite\LifeBar.png">
      <Filter>Assets\sprite</Filter>
    </ImageContentTask>
    <ImageContentTask Include="Assets\sprite\LifeBar_base.png">
      <Filter>Assets\sprite</Filter>
    </ImageContentTask>
    <ImageContentTask Include="Assets\sprite\LifeBarUe.png">
      <Filter>Assets\sprite</Filter>
    </ImageContentTask>
    <ImageContentTask Include="Assets\sprite\soulIC.png">
      <Filter>Assets\sprite</Filter>
    </ImageContentTask>
    <ImageContentTask Include="Assets\sprite\Zanki.png">
      <Filter>Assets\sprite</Filter>
    </ImageContentTask>
    <ImageContentTask Include="Assets\sprite\StarBar.png">
      <Filter>Assets\sprite</Filter>
    </ImageContentTask>
    <ImageContentTask Include="Assets\sprite\StarBar_base.png">
      <Filter>Assets\sprite</Filter>
    </ImageContentTask>
    <ImageContentTask Include="Assets\sprite\StarBarUe.png">
      <Filter>Assets\sprite</Filter>
    </ImageContentTask>
    <ImageContentTask Include="Assets\sprite\icon.png">
      <Filter>Assets\sprite</Filter>
    </ImageContentTask>
    <ImageContentTask Include="Assets\sprite\icon2.png">
      <Filter>Assets\sprite</Filter>
    </ImageContentTask>
    <ImageContentTask Include="Assets\sprite\Result_Back.png">
      <Filter>Assets\sprite</Filter>
    </ImageContentTask>
    <ImageContentTask Include="Assets\sprite\Result_Bar.png">
      <Filter>Assets\sprite</Filter>
    </ImageContentTask>
    <ImageContentTask Include="Assets\sprite\ResultBG.png">
      <Filter>Assets\sprite</Filter>
    </ImageContentTask>
    <ImageContentTask Include="Assets\sprite\A_Runk.png">
      <Filter>Assets\sprite</Filter>
    </ImageContentTask>
    <ImageContentTask Include="Assets\sprite\B_Runk.png">
      <Filter>Assets\sprite</Filter>
    </ImageContentTask>
    <ImageContentTask Include="Assets\sprite\C_Runk.png">
      <Filter>Assets\sprite</Filter>
    </ImageContentTask>
    <ImageContentTask Include="Assets\sprite\D_Runk.png">
      <Filter>Assets\sprite</Filter>
    </ImageContentTask>
    <ImageContentTask Include="Assets\sprite\S_Runk.png">
      <Filter>Assets\sprite</Filter>
    </ImageContentTask>
    <ImageContentTask Include="Assets\sprite\Black.png">
      <Filter>Assets\sprite</Filter>
    </ImageContentTask>
    <ImageContentTask Include="Assets\sprite\GoodBye.png">
      <Filter>Assets\sprite</Filter>
    </ImageContentTask>
    <ImageContentTask Include="Assets\sprite\WaveUnder.png">
      <Filter>Assets\sprite</Filter>
    </ImageContentTask>
    <ImageContentTask Include="Assets\sprite\WaveUnderBoss.png">
      <Filter>Assets\sprite</Filter>
    </ImageContentTask>
    <ImageContentTask Include="Assets\sprite\BossLifeBar.png">
      <Filter>Assets\sprite</Filter>
    </ImageContentTask>
    <ImageContentTask Include="Assets\sprite\BossLifeBar_base.png">
      <Filter>Assets\sprite</Filter>
    </ImageContentTask>
    <ImageContentTask Include="Assets\sprite\BossLifeBarUe.png">
      <Filter>Assets\sprite</Filter>
    </ImageContentTask>
    <ImageContentTask Include="Assets\sprite\BossIcon.png">
      <Filter>Assets\sprite</Filter>
    </ImageContentTask>
    <ImageContentTask Include="Assets\sprite\BossLifeBarWhite.png">
      <Filter>Assets\sprite</Filter>
    </ImageContentTask>
    <ImageContentTask Include="Assets\sprite\ResultAccessory.png">
      <Filter>Assets\sprite</Filter>
    </ImageContentTask>
    <ImageContentTask Include="Assets\sprite\ResultAccessoryM.png">
      <Filter>Assets\sprite</Filter>
    </ImageContentTask>
    <ImageContentTask Include="Assets\sprite\starMax.png">
      <Filter>Assets\sprite</Filter>
    </ImageContentTask>
    <ImageContentTask Include="Assets\sprite\Denger.png">
      <Filter>Assets\sprite</Filter>
    </ImageContentTask>
    <ImageContentTask Include="Assets\sprite\Kiken.png">
      <Filter>Assets\sprite</Filter>
    </ImageContentTask>
    <ImageContentTask Include="Assets\sprite\SelectDodai.png">
      <Filter>Assets\sprite</Filter>
    </ImageContentTask>
    <ImageContentTask Include="Assets\sprite\Time.png">
      <Filter>Assets\sprite</Filter>
    </ImageContentTask>
    <ImageContentTask Include="Assets\sprite\Clear.png">
      <Filter>Assets\sprite</Filter>
    </ImageContentTask>
    <ImageContentTask Include="Assets\sprite\loadingAcc.png">
      <Filter>Assets\sprite</Filter>
    </ImageContentTask>
    <ImageContentTask Include="Assets\sprite\loadingAcc2.png">
      <Filter>Assets\sprite</Filter>
    </ImageContentTask>
    <ImageContentTask Include="Assets\sprite\Message\m_1_1.png">
      <Filter>Assets\sprite</Filter>
    </ImageContentTask>
    <ImageContentTask Include="Assets\sprite\Message\m_1_2.png">
      <Filter>Assets\sprite</Filter>
    </ImageContentTask>
    <ImageContentTask Include="Assets\sprite\Message\m_1_3.png">
      <Filter>Assets\sprite</Filter>
    </ImageContentTask>
    <ImageContentTask Include="Assets\sprite\start.png">
      <Filter>Assets\sprite</Filter>
    </ImageContentTask>
    <ImageContentTask Include="Assets\sprite\pushA.png">
      <Filter>Assets\sprite</Filter>
    </ImageContentTask>
    <ImageContentTask Include="Assets\sprite\kyoka1.png">
      <Filter>Assets\sprite</Filter>
    </ImageContentTask>
    <ImageContentTask Include="Assets\sprite\kyoka2.png">
      <Filter>Assets\sprite</Filter>
    </ImageContentTask>
    <ImageContentTask Include="Assets\sprite\kyoka3.png">
      <Filter>Assets\sprite</Filter>
    </ImageContentTask>
    <ImageContentTask Include="Assets\sprite\tr_waku.png">
      <Filter>Assets\sprite</Filter>
    </ImageContentTask>
    <ImageContentTask Include="Assets\sprite\rogo.png">
      <Filter>Assets\sprite</Filter>
    </ImageContentTask>
    <ImageContentTask Include="Assets\sprite\kyokawaku.png">
      <Filter>Assets\sprite</Filter>
    </ImageContentTask>
    <ImageContentTask Include="Assets\sprite\Message\m_2_1.png">
      <Filter>Assets\sprite</Filter>
    </ImageContentTask>
    <ImageContentTask Include="Assets\sprite\Message\m_2_2.png">
      <Filter>Assets\sprite</Filter>
    </ImageContentTask>
    <ImageContentTask Include="Assets\sprite\Message\m_2_3.png">
      <Filter>Assets\sprite</Filter>
    </ImageContentTask>
    <ImageContentTask Include="Assets\sprite\Zukan.png">
      <Filter>Assets\sprite</Filter>
    </ImageContentTask>
    <ImageContentTask Include="Assets\sprite\Kyoka.png">
      <Filter>Assets\sprite</Filter>
    </ImageContentTask>
    <ImageContentTask Include="Assets\sprite\Zukan_Haikei.png">
      <Filter>Assets\sprite</Filter>
    </ImageContentTask>
    <ImageContentTask Include="Assets\sprite\ExitP.png">
      <Filter>Assets\sprite</Filter>
    </ImageContentTask>
    <ImageContentTask Include="Assets\sprite\LB.png">
      <Filter>Assets\sprite</Filter>
    </ImageContentTask>
    <ImageContentTask Include="Assets\sprite\RB.png">
      <Filter>Assets\sprite</Filter>
    </ImageContentTask>
    <ImageContentTask Include="Assets\sprite\A_Button.png">
      <Filter>Assets\sprite</Filter>
    </ImageContentTask>
    <ImageContentTask Include="Assets\sprite\A_Button2.png">
      <Filter>Assets\sprite</Filter>
    </ImageContentTask>
    <ImageContentTask Include="Assets\sprite\kumo.png">
      <Filter>Assets\sprite</Filter>
    </ImageContentTask>
    <ImageContentTask Include="Assets\sprite\ExitMusi.png">
      <Filter>Assets\sprite</Filter>
    </ImageContentTask>
    <ImageContentTask Include="Assets\sprite\heiten.png">
      <Filter>Assets\sprite</Filter>
    </ImageContentTask>
    <ImageContentTask Include="Assets\sprite\mmhiyoko.png">
      <Filter>Assets\sprite</Filter>
    </ImageContentTask>
    <ImageContentTask Include="Assets\sprite\OPED_1.png">
      <Filter>Assets\sprite</Filter>
    </ImageContentTask>
    <ImageContentTask Include="Assets\sprite\OPED_2.png">
      <Filter>Assets\sprite</Filter>
    </ImageContentTask>
    <ImageContentTask Include="Assets\sprite\OPED_3.png">
      <Filter>Assets\sprite</Filter>
    </ImageContentTask>
    <ImageContentTask Include="Assets\sprite\OPED_5.png">
      <Filter>Assets\sprite</Filter>
    </ImageContentTask>
    <ImageContentTask Include="Assets\sprite\OPED_4.png">
      <Filter>Assets\sprite</Filter>
    </ImageContentTask>
    <ImageContentTask Include="Assets\sprite\OPED_6.png">
      <Filter>Assets\sprite</Filter>
    </ImageContentTask>
    <ImageContentTask Include="Assets\sprite\OPED_waku.png">
      <Filter>Assets\sprite</Filter>
    </ImageContentTask>
    <ImageContentTask Include="Assets\sprite\OPED_back1.png">
      <Filter>Assets\sprite</Filter>
    </ImageContentTask>
    <ImageContentTask Include="Assets\sprite\OPED_back2.png">
      <Filter>Assets\sprite</Filter>
    </ImageContentTask>
    <ImageContentTask Include="Assets\sprite\OPED_back3.png">
      <Filter>Assets\sprite</Filter>
    </ImageContentTask>
    <ImageContentTask Include="Assets\sprite\OPED_back4.png">
      <Filter>Assets\sprite</Filter>
    </ImageContentTask>
    <ImageContentTask Include="Assets\sprite\OPED_7.png">
      <Filter>Assets\sprite</Filter>
    </ImageContentTask>
    <ImageContentTask Include="Assets\sprite\Title\Exit.png">
      <Filter>Assets\sprite\Title</Filter>
    </ImageContentTask>
    <ImageContentTask Include="Assets\sprite\Title\LoadGame.png">
      <Filter>Assets\sprite\Title</Filter>
    </ImageContentTask>
    <ImageContentTask Include="Assets\sprite\Title\NewGame.png">
      <Filter>Assets\sprite\Title</Filter>
    </ImageContentTask>
    <ImageContentTask Include="Assets\sprite\Title\Tiele2.png">
      <Filter>Assets\sprite\Title</Filter>
    </ImageContentTask>
    <ImageContentTask Include="Assets\sprite\Title\Tiele2_h.png">
      <Filter>Assets\sprite\Title</Filter>
    </ImageContentTask>
    <ImageContentTask Include="Assets\sprite\Title\Title1.png">
      <Filter>Assets\sprite\Title</Filter>
    </ImageContentTask>
    <ImageContentTask Include="Assets\sprite\Title\Title1_h.png">
      <Filter>Assets\sprite\Title</Filter>
    </ImageContentTask>
    <ImageContentTask Include="Assets\sprite\Title\Title1BG_Full.png">
      <Filter>Assets\sprite\Title</Filter>
    </ImageContentTask>
    <ImageContentTask Include="Assets\sprite\Title\Title1BG_Touka.png">
      <Filter>Assets\sprite\Title</Filter>
    </ImageContentTask>
    <ImageContentTask Include="Assets\sprite\Title\Title2BG_Full.png">
      <Filter>Assets\sprite\Title</Filter>
    </ImageContentTask>
    <ImageContentTask Include="Assets\sprite\Title\Title2BG_Touka.png">
      <Filter>Assets\sprite\Title</Filter>
    </ImageContentTask>
    <ImageContentTask Include="Assets\sprite\Title\Title3.png">
      <Filter>Assets\sprite\Title</Filter>
    </ImageContentTask>
    <ImageContentTask Include="Assets\sprite\Title\Title3_h.png">
      <Filter>Assets\sprite\Title</Filter>
    </ImageContentTask>
    <ImageContentTask Include="Assets\sprite\Title\Title3BG_Full.png">
      <Filter>Assets\sprite\Title</Filter>
    </ImageContentTask>
    <ImageContentTask Include="Assets\sprite\Title\Title3BG_Touka.png">
      <Filter>Assets\sprite\Title</Filter>
    </ImageContentTask>
    <ImageContentTask Include="Assets\sprite\Title\TitleIC.png">
      <Filter>Assets\sprite\Title</Filter>
    </ImageContentTask>
    <ImageContentTask Include="Assets\sprite\Title\TitlrLoop1.png">
      <Filter>Assets\sprite\Title</Filter>
    </ImageContentTask>
    <ImageContentTask Include="Assets\sprite\Title\TitlrLoop2.png">
      <Filter>Assets\sprite\Title</Filter>
    </ImageContentTask>
    <ImageContentTask Include="Assets\sprite\Title\TitlrLoop3.png">
      <Filter>Assets\sprite\Title</Filter>
    </ImageContentTask>
    <ImageContentTask Include="Assets\sprite\loadimg.png">
      <Filter>Assets\sprite</Filter>
    </ImageContentTask>
    <ImageContentTask Include="Assets\sprite\gameover.png">
      <Filter>Assets\sprite</Filter>
    </ImageContentTask>
    <ImageContentTask Include="Assets\sprite\Message\m_3_a.png">
      <Filter>Assets\sprite</Filter>
    </ImageContentTask>
    <ImageContentTask Include="Assets\sprite\Message\m_3_3.png">
      <Filter>Assets\sprite</Filter>
    </ImageContentTask>
    <ImageContentTask Include="Assets\sprite\Message\m_3_2.png">
      <Filter>Assets\sprite</Filter>
    </ImageContentTask>
    <ImageContentTask Include="Assets\sprite\Message\m_3_1.png">
      <Filter>Assets\sprite</Filter>
    </ImageContentTask>
    <ImageContentTask Include="Assets\sprite\bikkuri.png">
      <Filter>Assets\sprite</Filter>
    </ImageContentTask>
    <ImageContentTask Include="Assets\sprite\Star.png">
      <Filter>Assets\sprite</Filter>
    </ImageContentTask>
    <ImageContentTask Include="Assets\sprite\Hard.png">
      <Filter>Assets\sprite</Filter>
    </ImageContentTask>
    <ImageContentTask Include="Assets\sprite\HardMark.png">
      <Filter>Assets\sprite</Filter>
    </ImageContentTask>
    <ImageContentTask Include="Assets\sprite\Message\hm_1_1.png">
      <Filter>Assets\sprite</Filter>
    </ImageContentTask>
    <ImageContentTask Include="Assets\sprite\Message\hm_1_2.png">
      <Filter>Assets\sprite</Filter>
    </ImageContentTask>
    <ImageContentTask Include="Assets\sprite\Message\hm_1_3.png">
      <Filter>Assets\sprite</Filter>
    </ImageContentTask>
    <ImageContentTask Include="Assets\sprite\KikoIC.png">
      <Filter>Assets\sprite</Filter>
    </ImageContentTask>
    <ImageContentTask Include="Assets\sprite\KikoIC_Full.png">
      <Filter>Assets\sprite</Filter>
    </ImageContentTask>
    <ImageContentTask Include="Assets\sprite\MemoWaku.png">
      <Filter>Assets\sprite</Filter>
    </ImageContentTask>
    <ImageContentTask Include="Assets\sprite\Normal.png">
      <Filter>Assets\sprite</Filter>
    </ImageContentTask>
    <ImageContentTask Include="Assets\sprite\Pause2D.png">
      <Filter>Assets\sprite</Filter>
    </ImageContentTask>
    <ImageContentTask Include="Assets\sprite\Pause3D.png">
      <Filter>Assets\sprite</Filter>
    </ImageContentTask>
    <ImageContentTask Include="Assets\sprite\PauseBack.png">
      <Filter>Assets\sprite</Filter>
    </ImageContentTask>
    <ImageContentTask Include="Assets\sprite\PauseGameBack.png">
      <Filter>Assets\sprite</Filter>
    </ImageContentTask>
    <ImageContentTask Include="Assets\sprite\PauseRetire.png">
      <Filter>Assets\sprite</Filter>
    </ImageContentTask>
    <ImageContentTask Include="Assets\sprite\PauseSita.png">
      <Filter>Assets\sprite</Filter>
    </ImageContentTask>
    <ImageContentTask Include="Assets\sprite\PauseStage.png">
      <Filter>Assets\sprite</Filter>
    </ImageContentTask>
    <ImageContentTask Include="Assets\sprite\PauseUe.png">
      <Filter>Assets\sprite</Filter>
    </ImageContentTask>
    <ImageContentTask Include="Assets\sprite\Star2.png">
      <Filter>Assets\sprite</Filter>
    </ImageContentTask>
    <ImageContentTask Include="Assets\sprite\Time_Hard.png">
      <Filter>Assets\sprite</Filter>
    </ImageContentTask>
    <ImageContentTask Include="Assets\sprite\White.png">
      <Filter>Assets\sprite</Filter>
    </ImageContentTask>
    <ImageContentTask Include="Assets\sprite\yazirusi.png">
      <Filter>Assets\sprite</Filter>
    </ImageContentTask>
    <ImageContentTask Include="Assets\sprite\Yes.png">
      <Filter>Assets\sprite</Filter>
    </ImageContentTask>
    <ImageContentTask Include="Assets\sprite\question.png">
      <Filter>Assets\sprite</Filter>
    </ImageContentTask>
    <ImageContentTask Include="Assets\sprite\No.png">
      <Filter>Assets\sprite</Filter>
    </ImageContentTask>
    <ImageContentTask Include="Assets\sprite\icon3.png">
      <Filter>Assets\sprite</Filter>
    </ImageContentTask>
    <ImageContentTask Include="Assets\sprite\Message\m_4_1.png">
      <Filter>Assets\sprite</Filter>
    </ImageContentTask>
    <ImageContentTask Include="Assets\sprite\Message\m_4_2.png">
      <Filter>Assets\sprite</Filter>
    </ImageContentTask>
    <ImageContentTask Include="Assets\sprite\Message\m_4_3.png">
      <Filter>Assets\sprite</Filter>
    </ImageContentTask>
    <ImageContentTask Include="Assets\sprite\Message\hm_2_1.png">
      <Filter>Assets\sprite</Filter>
    </ImageContentTask>
    <ImageContentTask Include="Assets\sprite\Message\hm_2_2.png">
      <Filter>Assets\sprite</Filter>
    </ImageContentTask>
    <ImageContentTask Include="Assets\sprite\Message\hm_2_3.png">
      <Filter>Assets\sprite</Filter>
    </ImageContentTask>
    <ImageContentTask Include="Assets\sprite\Message\hm_3_1.png">
      <Filter>Assets\sprite</Filter>
    </ImageContentTask>
    <ImageContentTask Include="Assets\sprite\Message\hm_3_2.png">
      <Filter>Assets\sprite</Filter>
    </ImageContentTask>
    <ImageContentTask Include="Assets\sprite\Message\hm_3_3.png">
      <Filter>Assets\sprite</Filter>
    </ImageContentTask>
    <ImageContentTask Include="Assets\sprite\Message\hm_4_a.png">
      <Filter>Assets\sprite</Filter>
    </ImageContentTask>
    <ImageContentTask Include="Assets\sprite\Message\hm_4_3.png">
      <Filter>Assets\sprite</Filter>
    </ImageContentTask>
    <ImageContentTask Include="Assets\sprite\Message\hm_4_2.png">
      <Filter>Assets\sprite</Filter>
    </ImageContentTask>
    <ImageContentTask Include="Assets\sprite\Message\hm_4_1.png">
      <Filter>Assets\sprite</Filter>
    </ImageContentTask>
    <ImageContentTask Include="Assets\sprite\Message\m_5_1.png">
      <Filter>Assets\sprite</Filter>
    </ImageContentTask>
    <ImageContentTask Include="Assets\sprite\Message\m_5_2.png">
      <Filter>Assets\sprite</Filter>
    </ImageContentTask>
    <ImageContentTask Include="Assets\sprite\Message\m_5_3.png">
      <Filter>Assets\sprite</Filter>
    </ImageContentTask>
    <ImageContentTask Include="Assets\sprite\bikkuri_Ya.png">
      <Filter>Assets\sprite</Filter>
    </ImageContentTask>
    <ImageContentTask Include="Assets\sprite\Up.png">
      <Filter>Assets\sprite</Filter>
    </ImageContentTask>
    <ImageContentTask Include="Assets\sprite\Down.png">
      <Filter>Assets\sprite</Filter>
    </ImageContentTask>
    <ImageContentTask Include="Assets\sprite\zatsudan.png">
      <Filter>Assets\sprite</Filter>
    </ImageContentTask>
    <ImageContentTask Include="Assets\sprite\Message\hm_5_1.png">
      <Filter>Assets\sprite</Filter>
    </ImageContentTask>
    <ImageContentTask Include="Assets\sprite\Message\hm_5_2.png">
      <Filter>Assets\sprite</Filter>
    </ImageContentTask>
    <ImageContentTask Include="Assets\sprite\Message\hm_5_3.png">
      <Filter>Assets\sprite</Filter>
    </ImageContentTask>
    <ImageContentTask Include="Assets\sprite\Message\hm_5_a.png">
      <Filter>Assets\sprite</Filter>
    </ImageContentTask>
    <ImageContentTask Include="Assets\sprite\LifeBar_white.png" />
    <ImageContentTask Include="Assets\sprite\kyokamigi.png">
      <Filter>Assets\sprite</Filter>
    </ImageContentTask>
    <ImageContentTask Include="Assets\sprite\skillwaku_Blue.png">
      <Filter>Assets\sprite</Filter>
    </ImageContentTask>
    <ImageContentTask Include="Assets\sprite\skillwaku_Red.png">
      <Filter>Assets\sprite</Filter>
    </ImageContentTask>
    <ImageContentTask Include="Assets\sprite\skillwakuUnder_Null.png">
      <Filter>Assets\sprite</Filter>
    </ImageContentTask>
    <ImageContentTask Include="Assets\sprite\skillwakuUnder_X.png">
      <Filter>Assets\sprite</Filter>
    </ImageContentTask>
    <ImageContentTask Include="Assets\sprite\skillwakuUnder_Y.png">
      <Filter>Assets\sprite</Filter>
    </ImageContentTask>
    <ImageContentTask Include="Assets\sprite\skilliconWaku.png">
      <Filter>Assets\sprite</Filter>
    </ImageContentTask>
    <ImageContentTask Include="Assets\sprite\skillicon_23.png">
      <Filter>Assets\sprite</Filter>
    </ImageContentTask>
    <ImageContentTask Include="Assets\sprite\skillicon_22.png">
      <Filter>Assets\sprite</Filter>
    </ImageContentTask>
    <ImageContentTask Include="Assets\sprite\skillicon_21.png">
      <Filter>Assets\sprite</Filter>
    </ImageContentTask>
    <ImageContentTask Include="Assets\sprite\skillicon_20.png">
      <Filter>Assets\sprite</Filter>
    </ImageContentTask>
    <ImageContentTask Include="Assets\sprite\skillicon_19.png">
      <Filter>Assets\sprite</Filter>
    </ImageContentTask>
    <ImageContentTask Include="Assets\sprite\skillicon_18.png">
      <Filter>Assets\sprite</Filter>
    </ImageContentTask>
    <ImageContentTask Include="Assets\sprite\skillicon_17.png">
      <Filter>Assets\sprite</Filter>
    </ImageContentTask>
    <ImageContentTask Include="Assets\sprite\skillicon_16.png">
      <Filter>Assets\sprite</Filter>
    </ImageContentTask>
    <ImageContentTask Include="Assets\sprite\skillicon_15.png">
      <Filter>Assets\sprite</Filter>
    </ImageContentTask>
    <ImageContentTask Include="Assets\sprite\skillicon_12.png">
      <Filter>Assets\sprite</Filter>
    </ImageContentTask>
    <ImageContentTask Include="Assets\sprite\skillicon_13.png">
      <Filter>Assets\sprite</Filter>
    </ImageContentTask>
    <ImageContentTask Include="Assets\sprite\skillicon_14.png">
      <Filter>Assets\sprite</Filter>
    </ImageContentTask>
    <ImageContentTask Include="Assets\sprite\skillicon_11.png">
      <Filter>Assets\sprite</Filter>
    </ImageContentTask>
    <ImageContentTask Include="Assets\sprite\skillicon_10.png">
      <Filter>Assets\sprite</Filter>
    </ImageContentTask>
    <ImageContentTask Include="Assets\sprite\skillicon_9.png">
      <Filter>Assets\sprite</Filter>
    </ImageContentTask>
    <ImageContentTask Include="Assets\sprite\skillicon_8.png">
      <Filter>Assets\sprite</Filter>
    </ImageContentTask>
    <ImageContentTask Include="Assets\sprite\skillicon_7.png">
      <Filter>Assets\sprite</Filter>
    </ImageContentTask>
    <ImageContentTask Include="Assets\sprite\skillicon_6.png">
      <Filter>Assets\sprite</Filter>
    </ImageContentTask>
    <ImageContentTask Include="Assets\sprite\skillicon_5.png">
      <Filter>Assets\sprite</Filter>
    </ImageContentTask>
    <ImageContentTask Include="Assets\sprite\skillicon_4.png">
      <Filter>Assets\sprite</Filter>
    </ImageContentTask>
    <ImageContentTask Include="Assets\sprite\skillicon_3.png">
      <Filter>Assets\sprite</Filter>
    </ImageContentTask>
    <ImageContentTask Include="Assets\sprite\skillicon_2.png">
      <Filter>Assets\sprite</Filter>
    </ImageContentTask>
    <ImageContentTask Include="Assets\sprite\skillicon_1.png">
      <Filter>Assets\sprite</Filter>
    </ImageContentTask>
    <ImageContentTask Include="Assets\sprite\skillicon_0.png">
      <Filter>Assets\sprite</Filter>
    </ImageContentTask>
    <ImageContentTask Include="Assets\sprite\kyokahidari.png">
      <Filter>Assets\sprite</Filter>
    </ImageContentTask>
    <ImageContentTask Include="Assets\sprite\SkillX.png">
      <Filter>Assets\sprite</Filter>
    </ImageContentTask>
    <ImageContentTask Include="Assets\sprite\SkillY.png">
      <Filter>Assets\sprite</Filter>
    </ImageContentTask>
    <ImageContentTask Include="Assets\sprite\skillwaku_Gray.png">
      <Filter>Assets\sprite</Filter>
    </ImageContentTask>
    <ImageContentTask Include="Assets\sprite\skilliconWakuX.png">
      <Filter>Assets\sprite</Filter>
    </ImageContentTask>
    <ImageContentTask Include="Assets\sprite\skilliconWakuY.png">
      <Filter>Assets\sprite</Filter>
    </ImageContentTask>
    <ImageContentTask Include="Assets\sprite\Blue.png">
      <Filter>Assets\sprite</Filter>
    </ImageContentTask>
    <ImageContentTask Include="Assets\sprite\Yellow.png">
      <Filter>Assets\sprite</Filter>
    </ImageContentTask>
    <ImageContentTask Include="Assets\sprite\skillicon_X.png">
      <Filter>Assets\sprite</Filter>
    </ImageContentTask>
    <ImageContentTask Include="Assets\sprite\skillicon_Y.png">
      <Filter>Assets\sprite</Filter>
    </ImageContentTask>
    <ImageContentTask Include="Assets\sprite\skillicon_X2.png">
      <Filter>Assets\sprite</Filter>
    </ImageContentTask>
    <ImageContentTask Include="Assets\sprite\skillicon_Y2.png">
      <Filter>Assets\sprite</Filter>
    </ImageContentTask>
    <ImageContentTask Include="Assets\sprite\skillicon_24.png">
      <Filter>Assets\sprite</Filter>
    </ImageContentTask>
    <ImageContentTask Include="Assets\sprite\Skill.png">
      <Filter>Assets\sprite</Filter>
    </ImageContentTask>
  </ItemGroup>
</Project>