<?xml version="1.0" encoding="utf-8"?>
<Project ToolsVersion="4.0" xmlns:atg="http://atg.xbox.com" xmlns="http://schemas.microsoft.com/developer/msbuild/2003">
  <ItemGroup>
    <Filter Include="Assets">
      <UniqueIdentifier>{ed0b04a6-fecd-4a2c-a462-59a8f4639f36}</UniqueIdentifier>
    </Filter>
    <Filter Include="Resource Files">
      <UniqueIdentifier>{8e114980-c1a3-4ada-ad7c-83caadf5daeb}</UniqueIdentifier>
      <Extensions>rc;ico;cur;bmp;dlg;rc2;rct;bin;rgs;gif;jpg;jpeg;jpe</Extensions>
    </Filter>
    <Filter Include="Assets\modelData">
      <UniqueIdentifier>{06086914-6aa4-4cad-9b07-6f9d357f04df}</UniqueIdentifier>
    </Filter>
    <Filter Include="Assets\sprite">
      <UniqueIdentifier>{a6ce300a-b532-440d-b914-b4661d3015ad}</UniqueIdentifier>
    </Filter>
    <Filter Include="Effect">
      <UniqueIdentifier>{c8f8b055-304d-460c-8aff-391c178d42d3}</UniqueIdentifier>
    </Filter>
    <Filter Include="Enemy">
      <UniqueIdentifier>{9b24f448-75e7-4944-95f3-6036be7e47f5}</UniqueIdentifier>
    </Filter>
    <Filter Include="STAGE_SELECT">
      <UniqueIdentifier>{c2b7c0b2-2c12-4639-8b18-df8ad1a93b6a}</UniqueIdentifier>
    </Filter>
  </ItemGroup>
  <ItemGroup>
    <ClCompile Include="main.cpp" />
    <ClCompile Include="stdafx.cpp" />
    <ClCompile Include="Game.cpp" />
    <ClCompile Include="Title.cpp" />
    <ClCompile Include="Player.cpp" />
    <ClCompile Include="GameCamera.cpp" />
    <ClCompile Include="Player_Status.cpp" />
    <ClCompile Include="StarItem.cpp" />
    <ClCompile Include="GameData.cpp">
      <Filter>Resource Files</Filter>
    </ClCompile>
    <ClCompile Include="EffectManager.cpp">
      <Filter>Effect</Filter>
    </ClCompile>
    <ClCompile Include="EffectPlay.cpp">
      <Filter>Effect</Filter>
    </ClCompile>
    <ClCompile Include="BackGround.cpp" />
    <ClCompile Include="Neoriku.cpp">
      <Filter>Enemy</Filter>
    </ClCompile>
    <ClCompile Include="Bunbogu.cpp">
      <Filter>Enemy</Filter>
    </ClCompile>
    <ClCompile Include="NakamaLight.cpp" />
    <ClCompile Include="GameResult.cpp" />
    <ClCompile Include="shisokus.cpp">
      <Filter>Enemy</Filter>
    </ClCompile>
    <ClCompile Include="Bullet.cpp" />
    <ClCompile Include="LevelSet.cpp" />
    <ClCompile Include="WaveManager.cpp" />
    <ClCompile Include="WaveEffect.cpp">
      <Filter>Effect</Filter>
    </ClCompile>
    <ClCompile Include="Radar.cpp" />
    <ClCompile Include="BossHPGage.cpp" />
    <ClCompile Include="Neruk.cpp">
      <Filter>Enemy</Filter>
    </ClCompile>
    <ClCompile Include="NerukGenerator.cpp" />
    <ClCompile Include="StageSelect.cpp">
      <Filter>STAGE_SELECT</Filter>
    </ClCompile>
    <ClCompile Include="UICamera.cpp" />
    <ClCompile Include="soukabuto.cpp">
      <Filter>Enemy</Filter>
    </ClCompile>
    <ClCompile Include="Nerubikkuri.cpp" />
  </ItemGroup>
  <ItemGroup>
    <CLInclude Include="resource.h">
      <Filter>Resource Files</Filter>
    </CLInclude>
    <ClInclude Include="stdafx.h" />
    <ClInclude Include="Game.h" />
    <ClInclude Include="Title.h" />
    <ClInclude Include="Player.h" />
    <ClInclude Include="GameCamera.h" />
    <ClInclude Include="GameData.h">
      <Filter>Resource Files</Filter>
    </ClInclude>
    <ClInclude Include="Player_Status.h" />
    <ClInclude Include="StarItem.h" />
    <ClInclude Include="EffectManager.h">
      <Filter>Effect</Filter>
    </ClInclude>
    <ClInclude Include="EffectPlay.h">
      <Filter>Effect</Filter>
    </ClInclude>
    <ClInclude Include="BackGround.h" />
    <ClInclude Include="Neoriku.h">
      <Filter>Enemy</Filter>
    </ClInclude>
    <ClInclude Include="Bunbogu.h">
      <Filter>Enemy</Filter>
    </ClInclude>
    <ClInclude Include="NakamaLight.h" />
    <ClInclude Include="GameResult.h" />
    <ClInclude Include="shisokus.h">
      <Filter>Enemy</Filter>
    </ClInclude>
    <ClInclude Include="Bullet.h" />
    <ClInclude Include="LevelSet.h" />
    <ClInclude Include="LevelData.h">
      <Filter>Resource Files</Filter>
    </ClInclude>
    <ClInclude Include="WaveManager.h" />
    <ClInclude Include="DataBase.h">
      <Filter>Resource Files</Filter>
    </ClInclude>
    <ClInclude Include="WaveEffect.h">
      <Filter>Effect</Filter>
    </ClInclude>
    <ClInclude Include="Radar.h" />
    <ClInclude Include="BossHPGage.h" />
    <ClInclude Include="Neruk.h">
      <Filter>Enemy</Filter>
    </ClInclude>
    <ClInclude Include="NerukGenerator.h" />
    <ClInclude Include="StageSelect.h">
      <Filter>STAGE_SELECT</Filter>
    </ClInclude>
    <ClInclude Include="UICamera.h" />
    <ClInclude Include="soukabuto.h">
      <Filter>Enemy</Filter>
    </ClInclude>
    <ClInclude Include="Nerubikkuri.h" />
  </ItemGroup>
  <ItemGroup>
    <ResourceCompile Include="Game.rc">
      <Filter>Resource Files</Filter>
    </ResourceCompile>
  </ItemGroup>
  <ItemGroup>
    <MeshContentTask Include="Assets\modelData\unityChan.fbx">
      <Filter>Assets\modelData</Filter>
    </MeshContentTask>
    <MeshContentTask Include="Assets\modelData\bug.FBX">
      <Filter>Assets\modelData</Filter>
    </MeshContentTask>
    <MeshContentTask Include="Assets\modelData\bunbo-gu0.FBX">
      <Filter>Assets\modelData</Filter>
    </MeshContentTask>
    <MeshContentTask Include="Assets\modelData\item.FBX">
      <Filter>Assets\modelData</Filter>
    </MeshContentTask>
    <MeshContentTask Include="Assets\modelData\stage1.FBX">
      <Filter>Assets\modelData</Filter>
    </MeshContentTask>
    <MeshContentTask Include="Assets\modelData\neoriku_0.FBX">
      <Filter>Assets\modelData</Filter>
    </MeshContentTask>
    <MeshContentTask Include="Assets\modelData\bullet.FBX">
      <Filter>Assets\modelData</Filter>
    </MeshContentTask>
    <MeshContentTask Include="Assets\modelData\pointa.FBX">
      <Filter>Assets\modelData</Filter>
    </MeshContentTask>
    <MeshContentTask Include="Assets\modelData\shisokus.FBX">
      <Filter>Assets\modelData</Filter>
    </MeshContentTask>
    <MeshContentTask Include="Assets\modelData\Neruk.FBX">
      <Filter>Assets\modelData</Filter>
    </MeshContentTask>
    <MeshContentTask Include="Assets\modelData\stage2.FBX">
      <Filter>Assets\modelData</Filter>
    </MeshContentTask>
    <MeshContentTask Include="Assets\modelData\StageMini1.FBX">
      <Filter>Assets\modelData</Filter>
    </MeshContentTask>
    <MeshContentTask Include="Assets\modelData\StageMini2.FBX">
      <Filter>Assets\modelData</Filter>
    </MeshContentTask>
    <MeshContentTask Include="Assets\modelData\soukabuto_0.FBX">
      <Filter>Assets\modelData</Filter>
    </MeshContentTask>
  </ItemGroup>
  <ItemGroup>
    <ImageContentTask Include="Assets\sprite\dummy.png">
      <Filter>Assets\sprite</Filter>
    </ImageContentTask>
    <ImageContentTask Include="Assets\sprite\rogo.png" />
    <ImageContentTask Include="Assets\sprite\LifeBar.png">
      <Filter>Assets\sprite</Filter>
    </ImageContentTask>
    <ImageContentTask Include="Assets\sprite\LifeBar_base.png">
      <Filter>Assets\sprite</Filter>
    </ImageContentTask>
    <ImageContentTask Include="Assets\sprite\LifeBarUe.png">
      <Filter>Assets\sprite</Filter>
    </ImageContentTask>
    <ImageContentTask Include="Assets\sprite\soulIC.png">
      <Filter>Assets\sprite</Filter>
    </ImageContentTask>
    <ImageContentTask Include="Assets\sprite\Zanki.png">
      <Filter>Assets\sprite</Filter>
    </ImageContentTask>
    <ImageContentTask Include="Assets\sprite\StarBar.png">
      <Filter>Assets\sprite</Filter>
    </ImageContentTask>
    <ImageContentTask Include="Assets\sprite\StarBar_base.png">
      <Filter>Assets\sprite</Filter>
    </ImageContentTask>
    <ImageContentTask Include="Assets\sprite\StarBarUe.png">
      <Filter>Assets\sprite</Filter>
    </ImageContentTask>
    <ImageContentTask Include="Assets\sprite\icon.png">
      <Filter>Assets\sprite</Filter>
    </ImageContentTask>
    <ImageContentTask Include="Assets\sprite\icon2.png">
      <Filter>Assets\sprite</Filter>
    </ImageContentTask>
    <ImageContentTask Include="Assets\sprite\Result_Back.png">
      <Filter>Assets\sprite</Filter>
    </ImageContentTask>
    <ImageContentTask Include="Assets\sprite\Result_Bar.png">
      <Filter>Assets\sprite</Filter>
    </ImageContentTask>
    <ImageContentTask Include="Assets\sprite\ResultBG.png">
      <Filter>Assets\sprite</Filter>
    </ImageContentTask>
    <ImageContentTask Include="Assets\sprite\A_Runk.png">
      <Filter>Assets\sprite</Filter>
    </ImageContentTask>
    <ImageContentTask Include="Assets\sprite\B_Runk.png">
      <Filter>Assets\sprite</Filter>
    </ImageContentTask>
    <ImageContentTask Include="Assets\sprite\C_Runk.png">
      <Filter>Assets\sprite</Filter>
    </ImageContentTask>
    <ImageContentTask Include="Assets\sprite\D_Runk.png">
      <Filter>Assets\sprite</Filter>
    </ImageContentTask>
    <ImageContentTask Include="Assets\sprite\S_Runk.png">
      <Filter>Assets\sprite</Filter>
    </ImageContentTask>
    <ImageContentTask Include="Assets\sprite\Black.png">
      <Filter>Assets\sprite</Filter>
    </ImageContentTask>
    <ImageContentTask Include="Assets\sprite\GoodBye.png">
      <Filter>Assets\sprite</Filter>
    </ImageContentTask>
    <ImageContentTask Include="Assets\sprite\WaveUnder.png">
      <Filter>Assets\sprite</Filter>
    </ImageContentTask>
    <ImageContentTask Include="Assets\sprite\WaveUnderBoss.png">
      <Filter>Assets\sprite</Filter>
    </ImageContentTask>
    <ImageContentTask Include="Assets\sprite\BossLifeBar.png">
      <Filter>Assets\sprite</Filter>
    </ImageContentTask>
    <ImageContentTask Include="Assets\sprite\BossLifeBar_base.png">
      <Filter>Assets\sprite</Filter>
    </ImageContentTask>
    <ImageContentTask Include="Assets\sprite\BossLifeBarUe.png">
      <Filter>Assets\sprite</Filter>
    </ImageContentTask>
    <ImageContentTask Include="Assets\sprite\BossIcon.png">
      <Filter>Assets\sprite</Filter>
    </ImageContentTask>
    <ImageContentTask Include="Assets\sprite\BossLifeBarWhite.png">
      <Filter>Assets\sprite</Filter>
    </ImageContentTask>
    <ImageContentTask Include="Assets\sprite\ResultAccessory.png">
      <Filter>Assets\sprite</Filter>
    </ImageContentTask>
    <ImageContentTask Include="Assets\sprite\ResultAccessoryM.png">
      <Filter>Assets\sprite</Filter>
    </ImageContentTask>
    <ImageContentTask Include="Assets\sprite\starMax.png">
      <Filter>Assets\sprite</Filter>
    </ImageContentTask>
    <ImageContentTask Include="Assets\sprite\Denger.png">
      <Filter>Assets\sprite</Filter>
    </ImageContentTask>
    <ImageContentTask Include="Assets\sprite\Kiken.png">
      <Filter>Assets\sprite</Filter>
    </ImageContentTask>
    <ImageContentTask Include="Assets\sprite\SelectDodai.png">
      <Filter>Assets\sprite</Filter>
    </ImageContentTask>
    <ImageContentTask Include="Assets\sprite\Time.png">
      <Filter>Assets\sprite</Filter>
    </ImageContentTask>
  </ItemGroup>
</Project>